dependencies:
- name: redis
  repository: https://charts.bitnami.com/bitnami
  version: 18.6.3
- name: postgresql
  repository: https://charts.bitnami.com/bitnami
  version: 16.4.5
- name: common
  repository: https://bjw-s-labs.github.io/helm-charts
  version: 4.1.2
digest: sha256:2deb1cf8542480e2bd336ae170095d73257d781c0c809460b144cc0ab7bfa905
generated: "2025-07-04T17:21:42.677922-07:00"
